// !$*UTF8*$!
{
	archiveVersion = 1;
	classes = {
	};
	objectVersion = 50;
	objects = {

/* Begin PBXBuildFile section */
		752428E1104520C79143F4CD /* Pods_EmojiInput.framework in Frameworks */ = {isa = PBXBuildFile; fileRef = 352AD47140E11B03455C6823 /* Pods_EmojiInput.framework */; };
		90C47A5C20A187F3006F9FA4 /* AppDelegate.swift in Sources */ = {isa = PBXBuildFile; fileRef = 90C47A5B20A187F3006F9FA4 /* AppDelegate.swift */; };
		90C47A5E20A187F3006F9FA4 /* ViewController.swift in Sources */ = {isa = PBXBuildFile; fileRef = 90C47A5D20A187F3006F9FA4 /* ViewController.swift */; };
		90C47A6120A187F3006F9FA4 /* Main.storyboard in Resources */ = {isa = PBXBuildFile; fileRef = 90C47A5F20A187F3006F9FA4 /* Main.storyboard */; };
		90C47A6320A187F4006F9FA4 /* Assets.xcassets in Resources */ = {isa = PBXBuildFile; fileRef = 90C47A6220A187F4006F9FA4 /* Assets.xcassets */; };
		90C47A6620A187F4006F9FA4 /* LaunchScreen.storyboard in Resources */ = {isa = PBXBuildFile; fileRef = 90C47A6420A187F4006F9FA4 /* LaunchScreen.storyboard */; };
		90C47A7120A187F4006F9FA4 /* EmojiInputTests.swift in Sources */ = {isa = PBXBuildFile; fileRef = 90C47A7020A187F4006F9FA4 /* EmojiInputTests.swift */; };
		90C47A7C20A187F5006F9FA4 /* EmojiInputUITests.swift in Sources */ = {isa = PBXBuildFile; fileRef = 90C47A7B20A187F5006F9FA4 /* EmojiInputUITests.swift */; };
		90C47A8C20A18831006F9FA4 /* EmotionManager.swift in Sources */ = {isa = PBXBuildFile; fileRef = 90C47A8B20A18831006F9FA4 /* EmotionManager.swift */; };
		90C47A9020A1885D006F9FA4 /* delete@3x.png in Resources */ = {isa = PBXBuildFile; fileRef = 90C47A8E20A1885D006F9FA4 /* delete@3x.png */; };
		90C47A9120A1885D006F9FA4 /* EmojiKeyBoard.bundle in Resources */ = {isa = PBXBuildFile; fileRef = 90C47A8F20A1885D006F9FA4 /* EmojiKeyBoard.bundle */; };
		90C47A9320A18941006F9FA4 /* EmotionInputView.swift in Sources */ = {isa = PBXBuildFile; fileRef = 90C47A9220A18941006F9FA4 /* EmotionInputView.swift */; };
		90C47A9520A18947006F9FA4 /* EmotionInputView.xib in Resources */ = {isa = PBXBuildFile; fileRef = 90C47A9420A18947006F9FA4 /* EmotionInputView.xib */; };
		90C47A9720A18EEA006F9FA4 /* EmoticonPackage.swift in Sources */ = {isa = PBXBuildFile; fileRef = 90C47A9620A18EEA006F9FA4 /* EmoticonPackage.swift */; };
		90C47A9920A195A0006F9FA4 /* EmoticonToollBar.swift in Sources */ = {isa = PBXBuildFile; fileRef = 90C47A9820A195A0006F9FA4 /* EmoticonToollBar.swift */; };
		90C47A9B20A19911006F9FA4 /* Emotion.swift in Sources */ = {isa = PBXBuildFile; fileRef = 90C47A9A20A19911006F9FA4 /* Emotion.swift */; };
		90C47A9E20A19C7C006F9FA4 /* EmotionCell.swift in Sources */ = {isa = PBXBuildFile; fileRef = 90C47A9C20A19C7C006F9FA4 /* EmotionCell.swift */; };
		90C47A9F20A19C7C006F9FA4 /* EmotionCell.xib in Resources */ = {isa = PBXBuildFile; fileRef = 90C47A9D20A19C7C006F9FA4 /* EmotionCell.xib */; };
		90C47AA120A19D63006F9FA4 /* EmotionLayout.swift in Sources */ = {isa = PBXBuildFile; fileRef = 90C47AA020A19D63006F9FA4 /* EmotionLayout.swift */; };
/* End PBXBuildFile section */

/* Begin PBXContainerItemProxy section */
		90C47A6D20A187F4006F9FA4 /* PBXContainerItemProxy */ = {
			isa = PBXContainerItemProxy;
			containerPortal = 90C47A5020A187F3006F9FA4 /* Project object */;
			proxyType = 1;
			remoteGlobalIDString = 90C47A5720A187F3006F9FA4;
			remoteInfo = EmojiInput;
		};
		90C47A7820A187F5006F9FA4 /* PBXContainerItemProxy */ = {
			isa = PBXContainerItemProxy;
			containerPortal = 90C47A5020A187F3006F9FA4 /* Project object */;
			proxyType = 1;
			remoteGlobalIDString = 90C47A5720A187F3006F9FA4;
			remoteInfo = EmojiInput;
		};
/* End PBXContainerItemProxy section */

/* Begin PBXFileReference section */
		352AD47140E11B03455C6823 /* Pods_EmojiInput.framework */ = {isa = PBXFileReference; explicitFileType = wrapper.framework; includeInIndex = 0; path = Pods_EmojiInput.framework; sourceTree = BUILT_PRODUCTS_DIR; };
		90C47A5820A187F3006F9FA4 /* EmojiInput.app */ = {isa = PBXFileReference; explicitFileType = wrapper.application; includeInIndex = 0; path = EmojiInput.app; sourceTree = BUILT_PRODUCTS_DIR; };
		90C47A5B20A187F3006F9FA4 /* AppDelegate.swift */ = {isa = PBXFileReference; lastKnownFileType = sourcecode.swift; path = AppDelegate.swift; sourceTree = "<group>"; };
		90C47A5D20A187F3006F9FA4 /* ViewController.swift */ = {isa = PBXFileReference; lastKnownFileType = sourcecode.swift; path = ViewController.swift; sourceTree = "<group>"; };
		90C47A6020A187F3006F9FA4 /* Base */ = {isa = PBXFileReference; lastKnownFileType = file.storyboard; name = Base; path = Base.lproj/Main.storyboard; sourceTree = "<group>"; };
		90C47A6220A187F4006F9FA4 /* Assets.xcassets */ = {isa = PBXFileReference; lastKnownFileType = folder.assetcatalog; path = Assets.xcassets; sourceTree = "<group>"; };
		90C47A6520A187F4006F9FA4 /* Base */ = {isa = PBXFileReference; lastKnownFileType = file.storyboard; name = Base; path = Base.lproj/LaunchScreen.storyboard; sourceTree = "<group>"; };
		90C47A6720A187F4006F9FA4 /* Info.plist */ = {isa = PBXFileReference; lastKnownFileType = text.plist.xml; path = Info.plist; sourceTree = "<group>"; };
		90C47A6C20A187F4006F9FA4 /* EmojiInputTests.xctest */ = {isa = PBXFileReference; explicitFileType = wrapper.cfbundle; includeInIndex = 0; path = EmojiInputTests.xctest; sourceTree = BUILT_PRODUCTS_DIR; };
		90C47A7020A187F4006F9FA4 /* EmojiInputTests.swift */ = {isa = PBXFileReference; lastKnownFileType = sourcecode.swift; path = EmojiInputTests.swift; sourceTree = "<group>"; };
		90C47A7220A187F4006F9FA4 /* Info.plist */ = {isa = PBXFileReference; lastKnownFileType = text.plist.xml; path = Info.plist; sourceTree = "<group>"; };
		90C47A7720A187F5006F9FA4 /* EmojiInputUITests.xctest */ = {isa = PBXFileReference; explicitFileType = wrapper.cfbundle; includeInIndex = 0; path = EmojiInputUITests.xctest; sourceTree = BUILT_PRODUCTS_DIR; };
		90C47A7B20A187F5006F9FA4 /* EmojiInputUITests.swift */ = {isa = PBXFileReference; lastKnownFileType = sourcecode.swift; path = EmojiInputUITests.swift; sourceTree = "<group>"; };
		90C47A7D20A187F5006F9FA4 /* Info.plist */ = {isa = PBXFileReference; lastKnownFileType = text.plist.xml; path = Info.plist; sourceTree = "<group>"; };
		90C47A8B20A18831006F9FA4 /* EmotionManager.swift */ = {isa = PBXFileReference; lastKnownFileType = sourcecode.swift; path = EmotionManager.swift; sourceTree = "<group>"; };
		90C47A8E20A1885D006F9FA4 /* delete@3x.png */ = {isa = PBXFileReference; lastKnownFileType = image.png; path = "delete@3x.png"; sourceTree = "<group>"; };
		90C47A8F20A1885D006F9FA4 /* EmojiKeyBoard.bundle */ = {isa = PBXFileReference; lastKnownFileType = "wrapper.plug-in"; path = EmojiKeyBoard.bundle; sourceTree = "<group>"; };
		90C47A9220A18941006F9FA4 /* EmotionInputView.swift */ = {isa = PBXFileReference; lastKnownFileType = sourcecode.swift; path = EmotionInputView.swift; sourceTree = "<group>"; };
		90C47A9420A18947006F9FA4 /* EmotionInputView.xib */ = {isa = PBXFileReference; lastKnownFileType = file.xib; path = EmotionInputView.xib; sourceTree = "<group>"; };
		90C47A9620A18EEA006F9FA4 /* EmoticonPackage.swift */ = {isa = PBXFileReference; lastKnownFileType = sourcecode.swift; path = EmoticonPackage.swift; sourceTree = "<group>"; };
		90C47A9820A195A0006F9FA4 /* EmoticonToollBar.swift */ = {isa = PBXFileReference; lastKnownFileType = sourcecode.swift; path = EmoticonToollBar.swift; sourceTree = "<group>"; };
		90C47A9A20A19911006F9FA4 /* Emotion.swift */ = {isa = PBXFileReference; lastKnownFileType = sourcecode.swift; path = Emotion.swift; sourceTree = "<group>"; };
		90C47A9C20A19C7C006F9FA4 /* EmotionCell.swift */ = {isa = PBXFileReference; lastKnownFileType = sourcecode.swift; path = EmotionCell.swift; sourceTree = "<group>"; };
		90C47A9D20A19C7C006F9FA4 /* EmotionCell.xib */ = {isa = PBXFileReference; lastKnownFileType = file.xib; path = EmotionCell.xib; sourceTree = "<group>"; };
		90C47AA020A19D63006F9FA4 /* EmotionLayout.swift */ = {isa = PBXFileReference; lastKnownFileType = sourcecode.swift; path = EmotionLayout.swift; sourceTree = "<group>"; };
		BA8CB4BDA319270443EC6009 /* Pods-EmojiInput.release.xcconfig */ = {isa = PBXFileReference; includeInIndex = 1; lastKnownFileType = text.xcconfig; name = "Pods-EmojiInput.release.xcconfig"; path = "Pods/Target Support Files/Pods-EmojiInput/Pods-EmojiInput.release.xcconfig"; sourceTree = "<group>"; };
		EFA982B162177BB7AD718962 /* Pods-EmojiInput.debug.xcconfig */ = {isa = PBXFileReference; includeInIndex = 1; lastKnownFileType = text.xcconfig; name = "Pods-EmojiInput.debug.xcconfig"; path = "Pods/Target Support Files/Pods-EmojiInput/Pods-EmojiInput.debug.xcconfig"; sourceTree = "<group>"; };
/* End PBXFileReference section */

/* Begin PBXFrameworksBuildPhase section */
		90C47A5520A187F3006F9FA4 /* Frameworks */ = {
			isa = PBXFrameworksBuildPhase;
			buildActionMask = 2147483647;
			files = (
				752428E1104520C79143F4CD /* Pods_EmojiInput.framework in Frameworks */,
			);
			runOnlyForDeploymentPostprocessing = 0;
		};
		90C47A6920A187F4006F9FA4 /* Frameworks */ = {
			isa = PBXFrameworksBuildPhase;
			buildActionMask = 2147483647;
			files = (
			);
			runOnlyForDeploymentPostprocessing = 0;
		};
		90C47A7420A187F4006F9FA4 /* Frameworks */ = {
			isa = PBXFrameworksBuildPhase;
			buildActionMask = 2147483647;
			files = (
			);
			runOnlyForDeploymentPostprocessing = 0;
		};
/* End PBXFrameworksBuildPhase section */

/* Begin PBXGroup section */
		90C47A4F20A187F3006F9FA4 = {
			isa = PBXGroup;
			children = (
				90C47A5A20A187F3006F9FA4 /* EmojiInput */,
				90C47A6F20A187F4006F9FA4 /* EmojiInputTests */,
				90C47A7A20A187F5006F9FA4 /* EmojiInputUITests */,
				90C47A5920A187F3006F9FA4 /* Products */,
				D07BB7A18C5224FBA9E609C2 /* Pods */,
				DBBDC8CDAF1E39A39383E9B9 /* Frameworks */,
			);
			sourceTree = "<group>";
		};
		90C47A5920A187F3006F9FA4 /* Products */ = {
			isa = PBXGroup;
			children = (
				90C47A5820A187F3006F9FA4 /* EmojiInput.app */,
				90C47A6C20A187F4006F9FA4 /* EmojiInputTests.xctest */,
				90C47A7720A187F5006F9FA4 /* EmojiInputUITests.xctest */,
			);
			name = Products;
			sourceTree = "<group>";
		};
		90C47A5A20A187F3006F9FA4 /* EmojiInput */ = {
			isa = PBXGroup;
			children = (
				90C47A8D20A1883F006F9FA4 /* 表情键盘 */,
				90C47A5B20A187F3006F9FA4 /* AppDelegate.swift */,
				90C47A5D20A187F3006F9FA4 /* ViewController.swift */,
				90C47A5F20A187F3006F9FA4 /* Main.storyboard */,
				90C47A6220A187F4006F9FA4 /* Assets.xcassets */,
				90C47A6420A187F4006F9FA4 /* LaunchScreen.storyboard */,
				90C47A6720A187F4006F9FA4 /* Info.plist */,
			);
			path = EmojiInput;
			sourceTree = "<group>";
		};
		90C47A6F20A187F4006F9FA4 /* EmojiInputTests */ = {
			isa = PBXGroup;
			children = (
				90C47A7020A187F4006F9FA4 /* EmojiInputTests.swift */,
				90C47A7220A187F4006F9FA4 /* Info.plist */,
			);
			path = EmojiInputTests;
			sourceTree = "<group>";
		};
		90C47A7A20A187F5006F9FA4 /* EmojiInputUITests */ = {
			isa = PBXGroup;
			children = (
				90C47A7B20A187F5006F9FA4 /* EmojiInputUITests.swift */,
				90C47A7D20A187F5006F9FA4 /* Info.plist */,
			);
			path = EmojiInputUITests;
			sourceTree = "<group>";
		};
		90C47A8920A18816006F9FA4 /* view */ = {
			isa = PBXGroup;
			children = (
				90C47A9220A18941006F9FA4 /* EmotionInputView.swift */,
				90C47A9420A18947006F9FA4 /* EmotionInputView.xib */,
				90C47A9820A195A0006F9FA4 /* EmoticonToollBar.swift */,
				90C47A9C20A19C7C006F9FA4 /* EmotionCell.swift */,
				90C47A9D20A19C7C006F9FA4 /* EmotionCell.xib */,
				90C47AA020A19D63006F9FA4 /* EmotionLayout.swift */,
			);
			path = view;
			sourceTree = "<group>";
		};
		90C47A8A20A1881D006F9FA4 /* model */ = {
			isa = PBXGroup;
			children = (
				90C47A9620A18EEA006F9FA4 /* EmoticonPackage.swift */,
				90C47A9A20A19911006F9FA4 /* Emotion.swift */,
			);
			path = model;
			sourceTree = "<group>";
		};
		90C47A8D20A1883F006F9FA4 /* 表情键盘 */ = {
			isa = PBXGroup;
			children = (
				90C47A8A20A1881D006F9FA4 /* model */,
				90C47A8920A18816006F9FA4 /* view */,
				90C47A8B20A18831006F9FA4 /* EmotionManager.swift */,
				90C47A8E20A1885D006F9FA4 /* delete@3x.png */,
				90C47A8F20A1885D006F9FA4 /* EmojiKeyBoard.bundle */,
			);
			path = "表情键盘";
			sourceTree = "<group>";
		};
		D07BB7A18C5224FBA9E609C2 /* Pods */ = {
			isa = PBXGroup;
			children = (
				EFA982B162177BB7AD718962 /* Pods-EmojiInput.debug.xcconfig */,
				BA8CB4BDA319270443EC6009 /* Pods-EmojiInput.release.xcconfig */,
			);
			name = Pods;
			sourceTree = "<group>";
		};
		DBBDC8CDAF1E39A39383E9B9 /* Frameworks */ = {
			isa = PBXGroup;
			children = (
				352AD47140E11B03455C6823 /* Pods_EmojiInput.framework */,
			);
			name = Frameworks;
			sourceTree = "<group>";
		};
/* End PBXGroup section */

/* Begin PBXNativeTarget section */
		90C47A5720A187F3006F9FA4 /* EmojiInput */ = {
			isa = PBXNativeTarget;
			buildConfigurationList = 90C47A8020A187F5006F9FA4 /* Build configuration list for PBXNativeTarget "EmojiInput" */;
			buildPhases = (
				553452059DA3B92B43FF5BB8 /* [CP] Check Pods Manifest.lock */,
				90C47A5420A187F3006F9FA4 /* Sources */,
				90C47A5520A187F3006F9FA4 /* Frameworks */,
				90C47A5620A187F3006F9FA4 /* Resources */,
				18E2D3D7BF5BD1453ED93758 /* [CP] Embed Pods Frameworks */,
			);
			buildRules = (
			);
			dependencies = (
			);
			name = EmojiInput;
			productName = EmojiInput;
			productReference = 90C47A5820A187F3006F9FA4 /* EmojiInput.app */;
			productType = "com.apple.product-type.application";
		};
		90C47A6B20A187F4006F9FA4 /* EmojiInputTests */ = {
			isa = PBXNativeTarget;
			buildConfigurationList = 90C47A8320A187F5006F9FA4 /* Build configuration list for PBXNativeTarget "EmojiInputTests" */;
			buildPhases = (
				90C47A6820A187F4006F9FA4 /* Sources */,
				90C47A6920A187F4006F9FA4 /* Frameworks */,
				90C47A6A20A187F4006F9FA4 /* Resources */,
			);
			buildRules = (
			);
			dependencies = (
				90C47A6E20A187F4006F9FA4 /* PBXTargetDependency */,
			);
			name = EmojiInputTests;
			productName = EmojiInputTests;
			productReference = 90C47A6C20A187F4006F9FA4 /* EmojiInputTests.xctest */;
			productType = "com.apple.product-type.bundle.unit-test";
		};
		90C47A7620A187F4006F9FA4 /* EmojiInputUITests */ = {
			isa = PBXNativeTarget;
			buildConfigurationList = 90C47A8620A187F5006F9FA4 /* Build configuration list for PBXNativeTarget "EmojiInputUITests" */;
			buildPhases = (
				90C47A7320A187F4006F9FA4 /* Sources */,
				90C47A7420A187F4006F9FA4 /* Frameworks */,
				90C47A7520A187F4006F9FA4 /* Resources */,
			);
			buildRules = (
			);
			dependencies = (
				90C47A7920A187F5006F9FA4 /* PBXTargetDependency */,
			);
			name = EmojiInputUITests;
			productName = EmojiInputUITests;
			productReference = 90C47A7720A187F5006F9FA4 /* EmojiInputUITests.xctest */;
			productType = "com.apple.product-type.bundle.ui-testing";
		};
/* End PBXNativeTarget section */

/* Begin PBXProject section */
		90C47A5020A187F3006F9FA4 /* Project object */ = {
			isa = PBXProject;
			attributes = {
				LastSwiftUpdateCheck = 0930;
				LastUpgradeCheck = 0930;
				ORGANIZATIONNAME = godyu;
				TargetAttributes = {
					90C47A5720A187F3006F9FA4 = {
						CreatedOnToolsVersion = 9.3;
					};
					90C47A6B20A187F4006F9FA4 = {
						CreatedOnToolsVersion = 9.3;
						TestTargetID = 90C47A5720A187F3006F9FA4;
					};
					90C47A7620A187F4006F9FA4 = {
						CreatedOnToolsVersion = 9.3;
						TestTargetID = 90C47A5720A187F3006F9FA4;
					};
				};
			};
			buildConfigurationList = 90C47A5320A187F3006F9FA4 /* Build configuration list for PBXProject "EmojiInput" */;
			compatibilityVersion = "Xcode 9.3";
			developmentRegion = en;
			hasScannedForEncodings = 0;
			knownRegions = (
				en,
				Base,
			);
			mainGroup = 90C47A4F20A187F3006F9FA4;
			productRefGroup = 90C47A5920A187F3006F9FA4 /* Products */;
			projectDirPath = "";
			projectRoot = "";
			targets = (
				90C47A5720A187F3006F9FA4 /* EmojiInput */,
				90C47A6B20A187F4006F9FA4 /* EmojiInputTests */,
				90C47A7620A187F4006F9FA4 /* EmojiInputUITests */,
			);
		};
/* End PBXProject section */

/* Begin PBXResourcesBuildPhase section */
		90C47A5620A187F3006F9FA4 /* Resources */ = {
			isa = PBXResourcesBuildPhase;
			buildActionMask = 2147483647;
			files = (
				90C47A6620A187F4006F9FA4 /* LaunchScreen.storyboard in Resources */,
				90C47A6320A187F4006F9FA4 /* Assets.xcassets in Resources */,
				90C47A9020A1885D006F9FA4 /* delete@3x.png in Resources */,
				90C47A9F20A19C7C006F9FA4 /* EmotionCell.xib in Resources */,
				90C47A6120A187F3006F9FA4 /* Main.storyboard in Resources */,
				90C47A9120A1885D006F9FA4 /* EmojiKeyBoard.bundle in Resources */,
				90C47A9520A18947006F9FA4 /* EmotionInputView.xib in Resources */,
			);
			runOnlyForDeploymentPostprocessing = 0;
		};
		90C47A6A20A187F4006F9FA4 /* Resources */ = {
			isa = PBXResourcesBuildPhase;
			buildActionMask = 2147483647;
			files = (
			);
			runOnlyForDeploymentPostprocessing = 0;
		};
		90C47A7520A187F4006F9FA4 /* Resources */ = {
			isa = PBXResourcesBuildPhase;
			buildActionMask = 2147483647;
			files = (
			);
			runOnlyForDeploymentPostprocessing = 0;
		};
/* End PBXResourcesBuildPhase section */

/* Begin PBXShellScriptBuildPhase section */
		18E2D3D7BF5BD1453ED93758 /* [CP] Embed Pods Frameworks */ = {
			isa = PBXShellScriptBuildPhase;
			buildActionMask = 2147483647;
			files = (
			);
			inputPaths = (
				"${SRCROOT}/Pods/Target Support Files/Pods-EmojiInput/Pods-EmojiInput-frameworks.sh",
				"${BUILT_PRODUCTS_DIR}/HandyJSON/HandyJSON.framework",
			);
			name = "[CP] Embed Pods Frameworks";
			outputPaths = (
				"${TARGET_BUILD_DIR}/${FRAMEWORKS_FOLDER_PATH}/HandyJSON.framework",
			);
			runOnlyForDeploymentPostprocessing = 0;
			shellPath = /bin/sh;
			shellScript = "\"${SRCROOT}/Pods/Target Support Files/Pods-EmojiInput/Pods-EmojiInput-frameworks.sh\"\n";
			showEnvVarsInLog = 0;
		};
		553452059DA3B92B43FF5BB8 /* [CP] Check Pods Manifest.lock */ = {
			isa = PBXShellScriptBuildPhase;
			buildActionMask = 2147483647;
			files = (
			);
			inputPaths = (
				"${PODS_PODFILE_DIR_PATH}/Podfile.lock",
				"${PODS_ROOT}/Manifest.lock",
			);
			name = "[CP] Check Pods Manifest.lock";
			outputPaths = (
				"$(DERIVED_FILE_DIR)/Pods-EmojiInput-checkManifestLockResult.txt",
			);
			runOnlyForDeploymentPostprocessing = 0;
			shellPath = /bin/sh;
			shellScript = "diff \"${PODS_PODFILE_DIR_PATH}/Podfile.lock\" \"${PODS_ROOT}/Manifest.lock\" > /dev/null\nif [ $? != 0 ] ; then\n    # print error to STDERR\n    echo \"error: The sandbox is not in sync with the Podfile.lock. Run 'pod install' or update your CocoaPods installation.\" >&2\n    exit 1\nfi\n# This output is used by Xcode 'outputs' to avoid re-running this script phase.\necho \"SUCCESS\" > \"${SCRIPT_OUTPUT_FILE_0}\"\n";
			showEnvVarsInLog = 0;
		};
/* End PBXShellScriptBuildPhase section */

/* Begin PBXSourcesBuildPhase section */
		90C47A5420A187F3006F9FA4 /* Sources */ = {
			isa = PBXSourcesBuildPhase;
			buildActionMask = 2147483647;
			files = (
				90C47A9920A195A0006F9FA4 /* EmoticonToollBar.swift in Sources */,
				90C47A5E20A187F3006F9FA4 /* ViewController.swift in Sources */,
				90C47A5C20A187F3006F9FA4 /* AppDelegate.swift in Sources */,
				90C47A9720A18EEA006F9FA4 /* EmoticonPackage.swift in Sources */,
				90C47A8C20A18831006F9FA4 /* EmotionManager.swift in Sources */,
				90C47AA120A19D63006F9FA4 /* EmotionLayout.swift in Sources */,
				90C47A9320A18941006F9FA4 /* EmotionInputView.swift in Sources */,
				90C47A9B20A19911006F9FA4 /* Emotion.swift in Sources */,
				90C47A9E20A19C7C006F9FA4 /* EmotionCell.swift in Sources */,
			);
			runOnlyForDeploymentPostprocessing = 0;
		};
		90C47A6820A187F4006F9FA4 /* Sources */ = {
			isa = PBXSourcesBuildPhase;
			buildActionMask = 2147483647;
			files = (
				90C47A7120A187F4006F9FA4 /* EmojiInputTests.swift in Sources */,
			);
			runOnlyForDeploymentPostprocessing = 0;
		};
		90C47A7320A187F4006F9FA4 /* Sources */ = {
			isa = PBXSourcesBuildPhase;
			buildActionMask = 2147483647;
			files = (
				90C47A7C20A187F5006F9FA4 /* EmojiInputUITests.swift in Sources */,
			);
			runOnlyForDeploymentPostprocessing = 0;
		};
/* End PBXSourcesBuildPhase section */

/* Begin PBXTargetDependency section */
		90C47A6E20A187F4006F9FA4 /* PBXTargetDependency */ = {
			isa = PBXTargetDependency;
			target = 90C47A5720A187F3006F9FA4 /* EmojiInput */;
			targetProxy = 90C47A6D20A187F4006F9FA4 /* PBXContainerItemProxy */;
		};
		90C47A7920A187F5006F9FA4 /* PBXTargetDependency */ = {
			isa = PBXTargetDependency;
			target = 90C47A5720A187F3006F9FA4 /* EmojiInput */;
			targetProxy = 90C47A7820A187F5006F9FA4 /* PBXContainerItemProxy */;
		};
/* End PBXTargetDependency section */

/* Begin PBXVariantGroup section */
		90C47A5F20A187F3006F9FA4 /* Main.storyboard */ = {
			isa = PBXVariantGroup;
			children = (
				90C47A6020A187F3006F9FA4 /* Base */,
			);
			name = Main.storyboard;
			sourceTree = "<group>";
		};
		90C47A6420A187F4006F9FA4 /* LaunchScreen.storyboard */ = {
			isa = PBXVariantGroup;
			children = (
				90C47A6520A187F4006F9FA4 /* Base */,
			);
			name = LaunchScreen.storyboard;
			sourceTree = "<group>";
		};
/* End PBXVariantGroup section */

/* Begin XCBuildConfiguration section */
		90C47A7E20A187F5006F9FA4 /* Debug */ = {
			isa = XCBuildConfiguration;
			buildSettings = {
				ALWAYS_SEARCH_USER_PATHS = NO;
				CLANG_ANALYZER_NONNULL = YES;
				CLANG_ANALYZER_NUMBER_OBJECT_CONVERSION = YES_AGGRESSIVE;
				CLANG_CXX_LANGUAGE_STANDARD = "gnu++14";
				CLANG_CXX_LIBRARY = "libc++";
				CLANG_ENABLE_MODULES = YES;
				CLANG_ENABLE_OBJC_ARC = YES;
				CLANG_ENABLE_OBJC_WEAK = YES;
				CLANG_WARN_BLOCK_CAPTURE_AUTORELEASING = YES;
				CLANG_WARN_BOOL_CONVERSION = YES;
				CLANG_WARN_COMMA = YES;
				CLANG_WARN_CONSTANT_CONVERSION = YES;
				CLANG_WARN_DEPRECATED_OBJC_IMPLEMENTATIONS = YES;
				CLANG_WARN_DIRECT_OBJC_ISA_USAGE = YES_ERROR;
				CLANG_WARN_DOCUMENTATION_COMMENTS = YES;
				CLANG_WARN_EMPTY_BODY = YES;
				CLANG_WARN_ENUM_CONVERSION = YES;
				CLANG_WARN_INFINITE_RECURSION = YES;
				CLANG_WARN_INT_CONVERSION = YES;
				CLANG_WARN_NON_LITERAL_NULL_CONVERSION = YES;
				CLANG_WARN_OBJC_IMPLICIT_RETAIN_SELF = YES;
				CLANG_WARN_OBJC_LITERAL_CONVERSION = YES;
				CLANG_WARN_OBJC_ROOT_CLASS = YES_ERROR;
				CLANG_WARN_RANGE_LOOP_ANALYSIS = YES;
				CLANG_WARN_STRICT_PROTOTYPES = YES;
				CLANG_WARN_SUSPICIOUS_MOVE = YES;
				CLANG_WARN_UNGUARDED_AVAILABILITY = YES_AGGRESSIVE;
				CLANG_WARN_UNREACHABLE_CODE = YES;
				CLANG_WARN__DUPLICATE_METHOD_MATCH = YES;
				CODE_SIGN_IDENTITY = "iPhone Developer";
				COPY_PHASE_STRIP = NO;
				DEBUG_INFORMATION_FORMAT = dwarf;
				ENABLE_STRICT_OBJC_MSGSEND = YES;
				ENABLE_TESTABILITY = YES;
				GCC_C_LANGUAGE_STANDARD = gnu11;
				GCC_DYNAMIC_NO_PIC = NO;
				GCC_NO_COMMON_BLOCKS = YES;
				GCC_OPTIMIZATION_LEVEL = 0;
				GCC_PREPROCESSOR_DEFINITIONS = (
					"DEBUG=1",
					"$(inherited)",
				);
				GCC_WARN_64_TO_32_BIT_CONVERSION = YES;
				GCC_WARN_ABOUT_RETURN_TYPE = YES_ERROR;
				GCC_WARN_UNDECLARED_SELECTOR = YES;
				GCC_WARN_UNINITIALIZED_AUTOS = YES_AGGRESSIVE;
				GCC_WARN_UNUSED_FUNCTION = YES;
				GCC_WARN_UNUSED_VARIABLE = YES;
				IPHONEOS_DEPLOYMENT_TARGET = 11.3;
				MTL_ENABLE_DEBUG_INFO = YES;
				ONLY_ACTIVE_ARCH = YES;
				SDKROOT = iphoneos;
				SWIFT_ACTIVE_COMPILATION_CONDITIONS = DEBUG;
				SWIFT_OPTIMIZATION_LEVEL = "-Onone";
			};
			name = Debug;
		};
		90C47A7F20A187F5006F9FA4 /* Release */ = {
			isa = XCBuildConfiguration;
			buildSettings = {
				ALWAYS_SEARCH_USER_PATHS = NO;
				CLANG_ANALYZER_NONNULL = YES;
				CLANG_ANALYZER_NUMBER_OBJECT_CONVERSION = YES_AGGRESSIVE;
				CLANG_CXX_LANGUAGE_STANDARD = "gnu++14";
				CLANG_CXX_LIBRARY = "libc++";
				CLANG_ENABLE_MODULES = YES;
				CLANG_ENABLE_OBJC_ARC = YES;
				CLANG_ENABLE_OBJC_WEAK = YES;
				CLANG_WARN_BLOCK_CAPTURE_AUTORELEASING = YES;
				CLANG_WARN_BOOL_CONVERSION = YES;
				CLANG_WARN_COMMA = YES;
				CLANG_WARN_CONSTANT_CONVERSION = YES;
				CLANG_WARN_DEPRECATED_OBJC_IMPLEMENTATIONS = YES;
				CLANG_WARN_DIRECT_OBJC_ISA_USAGE = YES_ERROR;
				CLANG_WARN_DOCUMENTATION_COMMENTS = YES;
				CLANG_WARN_EMPTY_BODY = YES;
				CLANG_WARN_ENUM_CONVERSION = YES;
				CLANG_WARN_INFINITE_RECURSION = YES;
				CLANG_WARN_INT_CONVERSION = YES;
				CLANG_WARN_NON_LITERAL_NULL_CONVERSION = YES;
				CLANG_WARN_OBJC_IMPLICIT_RETAIN_SELF = YES;
				CLANG_WARN_OBJC_LITERAL_CONVERSION = YES;
				CLANG_WARN_OBJC_ROOT_CLASS = YES_ERROR;
				CLANG_WARN_RANGE_LOOP_ANALYSIS = YES;
				CLANG_WARN_STRICT_PROTOTYPES = YES;
				CLANG_WARN_SUSPICIOUS_MOVE = YES;
				CLANG_WARN_UNGUARDED_AVAILABILITY = YES_AGGRESSIVE;
				CLANG_WARN_UNREACHABLE_CODE = YES;
				CLANG_WARN__DUPLICATE_METHOD_MATCH = YES;
				CODE_SIGN_IDENTITY = "iPhone Developer";
				COPY_PHASE_STRIP = NO;
				DEBUG_INFORMATION_FORMAT = "dwarf-with-dsym";
				ENABLE_NS_ASSERTIONS = NO;
				ENABLE_STRICT_OBJC_MSGSEND = YES;
				GCC_C_LANGUAGE_STANDARD = gnu11;
				GCC_NO_COMMON_BLOCKS = YES;
				GCC_WARN_64_TO_32_BIT_CONVERSION = YES;
				GCC_WARN_ABOUT_RETURN_TYPE = YES_ERROR;
				GCC_WARN_UNDECLARED_SELECTOR = YES;
				GCC_WARN_UNINITIALIZED_AUTOS = YES_AGGRESSIVE;
				GCC_WARN_UNUSED_FUNCTION = YES;
				GCC_WARN_UNUSED_VARIABLE = YES;
				IPHONEOS_DEPLOYMENT_TARGET = 11.3;
				MTL_ENABLE_DEBUG_INFO = NO;
				SDKROOT = iphoneos;
				SWIFT_COMPILATION_MODE = wholemodule;
				SWIFT_OPTIMIZATION_LEVEL = "-O";
				VALIDATE_PRODUCT = YES;
			};
			name = Release;
		};
		90C47A8120A187F5006F9FA4 /* Debug */ = {
			isa = XCBuildConfiguration;
			baseConfigurationReference = EFA982B162177BB7AD718962 /* Pods-EmojiInput.debug.xcconfig */;
			buildSettings = {
				ASSETCATALOG_COMPILER_APPICON_NAME = AppIcon;
				CODE_SIGN_STYLE = Automatic;
				INFOPLIST_FILE = EmojiInput/Info.plist;
				LD_RUNPATH_SEARCH_PATHS = (
					"$(inherited)",
					"@executable_path/Frameworks",
				);
				PRODUCT_BUNDLE_IDENTIFIER = godyu.com.EmojiInput;
				PRODUCT_NAME = "$(TARGET_NAME)";
				SWIFT_VERSION = 4.0;
				TARGETED_DEVICE_FAMILY = "1,2";
			};
			name = Debug;
		};
		90C47A8220A187F5006F9FA4 /* Release */ = {
			isa = XCBuildConfiguration;
			baseConfigurationReference = BA8CB4BDA319270443EC6009 /* Pods-EmojiInput.release.xcconfig */;
			buildSettings = {
				ASSETCATALOG_COMPILER_APPICON_NAME = AppIcon;
				CODE_SIGN_STYLE = Automatic;
				INFOPLIST_FILE = EmojiInput/Info.plist;
				LD_RUNPATH_SEARCH_PATHS = (
					"$(inherited)",
					"@executable_path/Frameworks",
				);
				PRODUCT_BUNDLE_IDENTIFIER = godyu.com.EmojiInput;
				PRODUCT_NAME = "$(TARGET_NAME)";
				SWIFT_VERSION = 4.0;
				TARGETED_DEVICE_FAMILY = "1,2";
			};
			name = Release;
		};
		90C47A8420A187F5006F9FA4 /* Debug */ = {
			isa = XCBuildConfiguration;
			buildSettings = {
				ALWAYS_EMBED_SWIFT_STANDARD_LIBRARIES = YES;
				BUNDLE_LOADER = "$(TEST_HOST)";
				CODE_SIGN_STYLE = Automatic;
				INFOPLIST_FILE = EmojiInputTests/Info.plist;
				LD_RUNPATH_SEARCH_PATHS = (
					"$(inherited)",
					"@executable_path/Frameworks",
					"@loader_path/Frameworks",
				);
				PRODUCT_BUNDLE_IDENTIFIER = godyu.com.EmojiInputTests;
				PRODUCT_NAME = "$(TARGET_NAME)";
				SWIFT_VERSION = 4.0;
				TARGETED_DEVICE_FAMILY = "1,2";
				TEST_HOST = "$(BUILT_PRODUCTS_DIR)/EmojiInput.app/EmojiInput";
			};
			name = Debug;
		};
		90C47A8520A187F5006F9FA4 /* Release */ = {
			isa = XCBuildConfiguration;
			buildSettings = {
				ALWAYS_EMBED_SWIFT_STANDARD_LIBRARIES = YES;
				BUNDLE_LOADER = "$(TEST_HOST)";
				CODE_SIGN_STYLE = Automatic;
				INFOPLIST_FILE = EmojiInputTests/Info.plist;
				LD_RUNPATH_SEARCH_PATHS = (
					"$(inherited)",
					"@executable_path/Frameworks",
					"@loader_path/Frameworks",
				);
				PRODUCT_BUNDLE_IDENTIFIER = godyu.com.EmojiInputTests;
				PRODUCT_NAME = "$(TARGET_NAME)";
				SWIFT_VERSION = 4.0;
				TARGETED_DEVICE_FAMILY = "1,2";
				TEST_HOST = "$(BUILT_PRODUCTS_DIR)/EmojiInput.app/EmojiInput";
			};
			name = Release;
		};
		90C47A8720A187F5006F9FA4 /* Debug */ = {
			isa = XCBuildConfiguration;
			buildSettings = {
				ALWAYS_EMBED_SWIFT_STANDARD_LIBRARIES = YES;
				CODE_SIGN_STYLE = Automatic;
				INFOPLIST_FILE = EmojiInputUITests/Info.plist;
				LD_RUNPATH_SEARCH_PATHS = (
					"$(inherited)",
					"@executable_path/Frameworks",
					"@loader_path/Frameworks",
				);
				PRODUCT_BUNDLE_IDENTIFIER = godyu.com.EmojiInputUITests;
				PRODUCT_NAME = "$(TARGET_NAME)";
				SWIFT_VERSION = 4.0;
				TARGETED_DEVICE_FAMILY = "1,2";
				TEST_TARGET_NAME = EmojiInput;
			};
			name = Debug;
		};
		90C47A8820A187F5006F9FA4 /* Release */ = {
			isa = XCBuildConfiguration;
			buildSettings = {
				ALWAYS_EMBED_SWIFT_STANDARD_LIBRARIES = YES;
				CODE_SIGN_STYLE = Automatic;
				INFOPLIST_FILE = EmojiInputUITests/Info.plist;
				LD_RUNPATH_SEARCH_PATHS = (
					"$(inherited)",
					"@executable_path/Frameworks",
					"@loader_path/Frameworks",
				);
				PRODUCT_BUNDLE_IDENTIFIER = godyu.com.EmojiInputUITests;
				PRODUCT_NAME = "$(TARGET_NAME)";
				SWIFT_VERSION = 4.0;
				TARGETED_DEVICE_FAMILY = "1,2";
				TEST_TARGET_NAME = EmojiInput;
			};
			name = Release;
		};
/* End XCBuildConfiguration section */

/* Begin XCConfigurationList section */
		90C47A5320A187F3006F9FA4 /* Build configuration list for PBXProject "EmojiInput" */ = {
			isa = XCConfigurationList;
			buildConfigurations = (
				90C47A7E20A187F5006F9FA4 /* Debug */,
				90C47A7F20A187F5006F9FA4 /* Release */,
			);
			defaultConfigurationIsVisible = 0;
			defaultConfigurationName = Release;
		};
		90C47A8020A187F5006F9FA4 /* Build configuration list for PBXNativeTarget "EmojiInput" */ = {
			isa = XCConfigurationList;
			buildConfigurations = (
				90C47A8120A187F5006F9FA4 /* Debug */,
				90C47A8220A187F5006F9FA4 /* Release */,
			);
			defaultConfigurationIsVisible = 0;
			defaultConfigurationName = Release;
		};
		90C47A8320A187F5006F9FA4 /* Build configuration list for PBXNativeTarget "EmojiInputTests" */ = {
			isa = XCConfigurationList;
			buildConfigurations = (
				90C47A8420A187F5006F9FA4 /* Debug */,
				90C47A8520A187F5006F9FA4 /* Release */,
			);
			defaultConfigurationIsVisible = 0;
			defaultConfigurationName = Release;
		};
		90C47A8620A187F5006F9FA4 /* Build configuration list for PBXNativeTarget "EmojiInputUITests" */ = {
			isa = XCConfigurationList;
			buildConfigurations = (
				90C47A8720A187F5006F9FA4 /* Debug */,
				90C47A8820A187F5006F9FA4 /* Release */,
			);
			defaultConfigurationIsVisible = 0;
			defaultConfigurationName = Release;
		};
/* End XCConfigurationList section */
	};
	rootObject = 90C47A5020A187F3006F9FA4 /* Project object */;
}
